
Microsoft Visual Studio Solution File, Format Version 12.00
# Visual Studio 15
VisualStudioVersion = 15.0.28307.329
MinimumVisualStudioVersion = 10.0.40219.1
Project("{2150E333-8FDC-42A3-9474-1A3956D46DE8}") = "Src", "Src", "{C6C7D079-E752-4D2C-90DC-ADB369E4EA4A}"
EndProject
Project("{2150E333-8FDC-42A3-9474-1A3956D46DE8}") = "1 - Core", "1 - Core", "{6E239560-4BB8-44A5-8D0A-B4A4CBEEAFBE}"
EndProject
Project("{9A19103F-16F7-4668-BE54-9A1E7A4F7556}") = "PetOmetro.Domain", "PetOmetro.Domain\PetOmetro.Domain.csproj", "{D318363C-DCA0-49DE-89AA-86D9882B09A0}"
EndProject
Project("{2150E333-8FDC-42A3-9474-1A3956D46DE8}") = "2 - Infra", "2 - Infra", "{C3FC61CA-840B-497A-88F6-2F815E3D5136}"
EndProject
Project("{9A19103F-16F7-4668-BE54-9A1E7A4F7556}") = "PetOmetro.Persistence", "PetOmetro.Persistence\PetOmetro.Persistence.csproj", "{C2CDBF76-0AE6-4EFE-9C12-49905027B3E9}"
EndProject
Project("{9A19103F-16F7-4668-BE54-9A1E7A4F7556}") = "PetOmetro.Application", "PetOmetro.Application\PetOmetro.Application.csproj", "{886DADD8-3201-441E-AA2A-6CEC33BE955C}"
EndProject
Project("{2150E333-8FDC-42A3-9474-1A3956D46DE8}") = "0 - Presentation", "0 - Presentation", "{58BE1108-ED71-45F7-B18C-910D462210E0}"
EndProject
Project("{9A19103F-16F7-4668-BE54-9A1E7A4F7556}") = "PetOmetro.API", "PetOmetro.API\PetOmetro.API.csproj", "{8CAF8264-FEF2-440D-A890-30FD3B9073DA}"
EndProject
Project("{2150E333-8FDC-42A3-9474-1A3956D46DE8}") = "3 - Common", "3 - Common", "{9EE6CFE8-F8F0-4B1B-AB37-7560A12B677E}"
EndProject
Project("{9A19103F-16F7-4668-BE54-9A1E7A4F7556}") = "PetOmetro.Common", "PetOmetro.Common\PetOmetro.Common.csproj", "{A7E18084-9A28-443F-B884-A8F4A6C708F2}"
EndProject
Project("{FAE04EC0-301F-11D3-BF4B-00C04F79EFBC}") = "PetOmetro.Infrastructure", "PetOmetro.Infrastructure\PetOmetro.Infrastructure.csproj", "{867396F9-ADC5-4BD6-B31A-AF2853736551}"
EndProject
Global
	GlobalSection(SolutionConfigurationPlatforms) = preSolution
		Debug|Any CPU = Debug|Any CPU
		Release|Any CPU = Release|Any CPU
	EndGlobalSection
	GlobalSection(ProjectConfigurationPlatforms) = postSolution
		{D318363C-DCA0-49DE-89AA-86D9882B09A0}.Debug|Any CPU.ActiveCfg = Debug|Any CPU
		{D318363C-DCA0-49DE-89AA-86D9882B09A0}.Debug|Any CPU.Build.0 = Debug|Any CPU
		{D318363C-DCA0-49DE-89AA-86D9882B09A0}.Release|Any CPU.ActiveCfg = Release|Any CPU
		{D318363C-DCA0-49DE-89AA-86D9882B09A0}.Release|Any CPU.Build.0 = Release|Any CPU
		{C2CDBF76-0AE6-4EFE-9C12-49905027B3E9}.Debug|Any CPU.ActiveCfg = Debug|Any CPU
		{C2CDBF76-0AE6-4EFE-9C12-49905027B3E9}.Debug|Any CPU.Build.0 = Debug|Any CPU
		{C2CDBF76-0AE6-4EFE-9C12-49905027B3E9}.Release|Any CPU.ActiveCfg = Release|Any CPU
		{C2CDBF76-0AE6-4EFE-9C12-49905027B3E9}.Release|Any CPU.Build.0 = Release|Any CPU
		{886DADD8-3201-441E-AA2A-6CEC33BE955C}.Debug|Any CPU.ActiveCfg = Debug|Any CPU
		{886DADD8-3201-441E-AA2A-6CEC33BE955C}.Debug|Any CPU.Build.0 = Debug|Any CPU
		{886DADD8-3201-441E-AA2A-6CEC33BE955C}.Release|Any CPU.ActiveCfg = Release|Any CPU
		{886DADD8-3201-441E-AA2A-6CEC33BE955C}.Release|Any CPU.Build.0 = Release|Any CPU
		{8CAF8264-FEF2-440D-A890-30FD3B9073DA}.Debug|Any CPU.ActiveCfg = Debug|Any CPU
		{8CAF8264-FEF2-440D-A890-30FD3B9073DA}.Debug|Any CPU.Build.0 = Debug|Any CPU
		{8CAF8264-FEF2-440D-A890-30FD3B9073DA}.Release|Any CPU.ActiveCfg = Release|Any CPU
		{8CAF8264-FEF2-440D-A890-30FD3B9073DA}.Release|Any CPU.Build.0 = Release|Any CPU
		{A7E18084-9A28-443F-B884-A8F4A6C708F2}.Debug|Any CPU.ActiveCfg = Debug|Any CPU
		{A7E18084-9A28-443F-B884-A8F4A6C708F2}.Debug|Any CPU.Build.0 = Debug|Any CPU
		{A7E18084-9A28-443F-B884-A8F4A6C708F2}.Release|Any CPU.ActiveCfg = Release|Any CPU
		{A7E18084-9A28-443F-B884-A8F4A6C708F2}.Release|Any CPU.Build.0 = Release|Any CPU
		{867396F9-ADC5-4BD6-B31A-AF2853736551}.Debug|Any CPU.ActiveCfg = Debug|Any CPU
		{867396F9-ADC5-4BD6-B31A-AF2853736551}.Debug|Any CPU.Build.0 = Debug|Any CPU
		{867396F9-ADC5-4BD6-B31A-AF2853736551}.Release|Any CPU.ActiveCfg = Release|Any CPU
		{867396F9-ADC5-4BD6-B31A-AF2853736551}.Release|Any CPU.Build.0 = Release|Any CPU
	EndGlobalSection
	GlobalSection(SolutionProperties) = preSolution
		HideSolutionNode = FALSE
	EndGlobalSection
	GlobalSection(NestedProjects) = preSolution
		{6E239560-4BB8-44A5-8D0A-B4A4CBEEAFBE} = {C6C7D079-E752-4D2C-90DC-ADB369E4EA4A}
		{D318363C-DCA0-49DE-89AA-86D9882B09A0} = {6E239560-4BB8-44A5-8D0A-B4A4CBEEAFBE}
		{C3FC61CA-840B-497A-88F6-2F815E3D5136} = {C6C7D079-E752-4D2C-90DC-ADB369E4EA4A}
		{C2CDBF76-0AE6-4EFE-9C12-49905027B3E9} = {C3FC61CA-840B-497A-88F6-2F815E3D5136}
		{886DADD8-3201-441E-AA2A-6CEC33BE955C} = {6E239560-4BB8-44A5-8D0A-B4A4CBEEAFBE}
		{58BE1108-ED71-45F7-B18C-910D462210E0} = {C6C7D079-E752-4D2C-90DC-ADB369E4EA4A}
		{8CAF8264-FEF2-440D-A890-30FD3B9073DA} = {58BE1108-ED71-45F7-B18C-910D462210E0}
		{9EE6CFE8-F8F0-4B1B-AB37-7560A12B677E} = {C6C7D079-E752-4D2C-90DC-ADB369E4EA4A}
		{A7E18084-9A28-443F-B884-A8F4A6C708F2} = {9EE6CFE8-F8F0-4B1B-AB37-7560A12B677E}
		{867396F9-ADC5-4BD6-B31A-AF2853736551} = {C3FC61CA-840B-497A-88F6-2F815E3D5136}
	EndGlobalSection
	GlobalSection(ExtensibilityGlobals) = postSolution
		SolutionGuid = {03A2F807-5923-486F-AA1D-79059F474794}
	EndGlobalSection
EndGlobal
